
Microsoft Visual Studio Solution File, Format Version 12.00
# Visual Studio 2013
VisualStudioVersion = 12.0.30501.0
MinimumVisualStudioVersion = 10.0.40219.1
Project("{8BC9CEB8-8B4A-11D0-8D11-00A0C91BC942}") = "GamesProgramming", "GamesProgramming\GamesProgramming.vcxproj", "{BA0A00AD-6155-4035-9D09-4791ED6335E5}"
EndProject
Project("{8BC9CEB8-8B4A-11D0-8D11-00A0C91BC942}") = "Attempt2", "Attempt2\Attempt2.vcxproj", "{2E06DBE5-E65F-44AD-855C-EDA8467C34EA}"
EndProject
Global
	GlobalSection(SolutionConfigurationPlatforms) = preSolution
		Debug|Win32 = Debug|Win32
		Release|Win32 = Release|Win32
	EndGlobalSection
	GlobalSection(ProjectConfigurationPlatforms) = postSolution
		{BA0A00AD-6155-4035-9D09-4791ED6335E5}.Debug|Win32.ActiveCfg = Debug|Win32
		{BA0A00AD-6155-4035-9D09-4791ED6335E5}.Debug|Win32.Build.0 = Debug|Win32
		{BA0A00AD-6155-4035-9D09-4791ED6335E5}.Release|Win32.ActiveCfg = Release|Win32
		{BA0A00AD-6155-4035-9D09-4791ED6335E5}.Release|Win32.Build.0 = Release|Win32
		{2E06DBE5-E65F-44AD-855C-EDA8467C34EA}.Debug|Win32.ActiveCfg = Debug|Win32
		{2E06DBE5-E65F-44AD-855C-EDA8467C34EA}.Debug|Win32.Build.0 = Debug|Win32
		{2E06DBE5-E65F-44AD-855C-EDA8467C34EA}.Release|Win32.ActiveCfg = Release|Win32
		{2E06DBE5-E65F-44AD-855C-EDA8467C34EA}.Release|Win32.Build.0 = Release|Win32
	EndGlobalSection
	GlobalSection(SolutionProperties) = preSolution
		HideSolutionNode = FALSE
	EndGlobalSection
EndGlobal
